dependencies:
- name: testkube-operator
  repository: https://kubeshop.github.io/helm-charts
  version: 1.14.0
- name: mongodb
  repository: https://charts.bitnami.com/bitnami
  version: 12.1.31
- name: nats
  repository: https://nats-io.github.io/k8s/helm/charts/
  version: 0.19.1
- name: testkube-api
  repository: https://kubeshop.github.io/helm-charts
  version: 1.14.0
- name: testkube-dashboard
  repository: https://kubeshop.github.io/helm-charts
  version: 1.14.0
- name: global
  repository: https://kubeshop.github.io/helm-charts
  version: 0.1.1
digest: sha256:d5410e5461a6056eea807a91215526c50935626b707e97b380d6c9504eff887e
generated: "2023-08-26T22:37:10.912539975+05:30"
