dependencies:
- name: testkube-operator
  repository: https://kubeshop.github.io/helm-charts
  version: 1.15.0
- name: mongodb
  repository: https://charts.bitnami.com/bitnami
  version: 13.10.1
- name: nats
  repository: https://nats-io.github.io/k8s/helm/charts/
  version: 0.19.1
- name: testkube-api
  repository: https://kubeshop.github.io/helm-charts
  version: 1.15.0
- name: testkube-dashboard
  repository: https://kubeshop.github.io/helm-charts
  version: 1.14.2
- name: global
  repository: https://kubeshop.github.io/helm-charts
  version: 0.1.2
digest: sha256:301996372b0058259e452b0bcc61d2745657b2a83f044490e7adc932d6030fb0
generated: "2023-10-13T13:42:06.501187223Z"
